<?xml version="1.0" encoding="utf-8"?>
<Project ToolsVersion="4.0" xmlns="http://schemas.microsoft.com/developer/msbuild/2003">
  <ItemGroup>
    <Filter Include="Source Files">
      <UniqueIdentifier>{4FC737F1-C7A5-4376-A066-2A32D752A2FF}</UniqueIdentifier>
      <Extensions>cpp;c;cc;cxx;def;odl;idl;hpj;bat;asm;asmx</Extensions>
    </Filter>
    <Filter Include="Header Files">
      <UniqueIdentifier>{93995380-89BD-4b04-88EB-625FBE52EBFB}</UniqueIdentifier>
      <Extensions>h;hh;hpp;hxx;hm;inl;inc;xsd</Extensions>
    </Filter>
    <Filter Include="Resource Files">
      <UniqueIdentifier>{67DA6AB6-F800-4c08-8B7A-83BB121AAD01}</UniqueIdentifier>
      <Extensions>rc;ico;cur;bmp;dlg;rc2;rct;bin;rgs;gif;jpg;jpeg;jpe;resx;tiff;tif;png;wav;mfcribbon-ms</Extensions>
    </Filter>
  </ItemGroup>
  <ItemGroup>
    <ClCompile Include="FreeAtHome_ESPWeatherStation.ino" />
    <ClCompile Include="strings_en.h">
      <Filter>Header Files</Filter>
    </ClCompile>
    <ClCompile Include="WiFiManager.cpp">
      <Filter>Source Files</Filter>
    </ClCompile>
    <ClCompile Include="WiFiManager.h">
      <Filter>Header Files</Filter>
    </ClCompile>
    <ClCompile Include="WifiManagerParamHelper.h">
      <Filter>Header Files</Filter>
    </ClCompile>
    <ClCompile Include="wm_consts_en.h">
      <Filter>Header Files</Filter>
    </ClCompile>
    <ClCompile Include="wm_strings_en.h">
      <Filter>Header Files</Filter>
    </ClCompile>
    <ClCompile Include="BrightnessSensor.cpp">
      <Filter>Source Files</Filter>
    </ClCompile>
    <ClCompile Include="BuienradarExpectedRain.cpp">
      <Filter>Source Files</Filter>
    </ClCompile>
    <ClCompile Include="TemperatureSensor.cpp">
      <Filter>Source Files</Filter>
    </ClCompile>
    <ClCompile Include="WindSpeed.cpp">
      <Filter>Source Files</Filter>
    </ClCompile>
    <ClCompile Include="BuienradarHTTPClient.cpp">
      <Filter>Source Files</Filter>
    </ClCompile>
  </ItemGroup>
  <ItemGroup>
    <ClInclude Include="__vm\.FreeAtHome_ESPWeatherStation.vsarduino.h">
      <Filter>Header Files</Filter>
    </ClInclude>
    <ClInclude Include="BrightnessSensor.h">
      <Filter>Header Files</Filter>
    </ClInclude>
    <ClInclude Include="BuienradarExpectedRain.h">
      <Filter>Header Files</Filter>
    </ClInclude>
    <ClInclude Include="TemperatureSensor.h">
      <Filter>Header Files</Filter>
    </ClInclude>
    <ClInclude Include="WindSpeed.h">
      <Filter>Header Files</Filter>
    </ClInclude>
    <ClInclude Include="BuienradarHTTPClient.h">
      <Filter>Header Files</Filter>
    </ClInclude>
  </ItemGroup>
  <ItemGroup>
    <None Include="LICENSE" />
    <None Include="README.md" />
  </ItemGroup>
</Project>